// !$*UTF8*$!
{
	archiveVersion = 1;
	classes = {
	};
	objectVersion = 56;
	objects = {

/* Begin PBXBuildFile section */
		025A017CEA345B66D72A179B /* Pods_sdui.framework in Frameworks */ = {isa = PBXBuildFile; fileRef = 5AA9C66AC0C1B4339E6D18D2 /* Pods_sdui.framework */; };
		AC0F8447293099F400A9BAF1 /* configStruct.swift in Sources */ = {isa = PBXBuildFile; fileRef = AC0F8446293099F400A9BAF1 /* configStruct.swift */; };
		AC3ED8F42935A64E0075CC38 /* interrogateView.swift in Sources */ = {isa = PBXBuildFile; fileRef = AC3ED8F32935A64E0075CC38 /* interrogateView.swift */; };
		AC3ED8F62935B2B30075CC38 /* Extension.swift in Sources */ = {isa = PBXBuildFile; fileRef = AC3ED8F52935B2B30075CC38 /* Extension.swift */; };
		AC3ED8F82935B2E50075CC38 /* UIImage+Extensions.swift in Sources */ = {isa = PBXBuildFile; fileRef = AC3ED8F72935B2E50075CC38 /* UIImage+Extensions.swift */; };
		AC7B7F2E292F87C600767A85 /* txt2imgView.swift in Sources */ = {isa = PBXBuildFile; fileRef = AC7B7F2D292F87C600767A85 /* txt2imgView.swift */; };
		AC7B7F32292F923000767A85 /* txtConfigView.swift in Sources */ = {isa = PBXBuildFile; fileRef = AC7B7F31292F923000767A85 /* txtConfigView.swift */; };
		AC7B7F34292F961200767A85 /* sliderView.swift in Sources */ = {isa = PBXBuildFile; fileRef = AC7B7F33292F961200767A85 /* sliderView.swift */; };
		AC7B7F36292FA22600767A85 /* SettingsView.swift in Sources */ = {isa = PBXBuildFile; fileRef = AC7B7F35292FA22600767A85 /* SettingsView.swift */; };
		AC7B7F38292FA7C100767A85 /* textfieldView.swift in Sources */ = {isa = PBXBuildFile; fileRef = AC7B7F37292FA7C100767A85 /* textfieldView.swift */; };
		ACAB6F842932523E00904A13 /* img2imgView.swift in Sources */ = {isa = PBXBuildFile; fileRef = ACAB6F832932523E00904A13 /* img2imgView.swift */; };
		ACAB6F882932598F00904A13 /* FileManagerExtensions.swift in Sources */ = {isa = PBXBuildFile; fileRef = ACAB6F862932598E00904A13 /* FileManagerExtensions.swift */; };
		ACAB6F892932598F00904A13 /* PhotoPicker.swift in Sources */ = {isa = PBXBuildFile; fileRef = ACAB6F872932598E00904A13 /* PhotoPicker.swift */; };
		ACAB6F8B2932623100904A13 /* extension.swift in Sources */ = {isa = PBXBuildFile; fileRef = ACAB6F8A2932623100904A13 /* extension.swift */; };
		ACAB6F8E2933A12600904A13 /* translateapi.swift in Sources */ = {isa = PBXBuildFile; fileRef = ACAB6F8D2933A12500904A13 /* translateapi.swift */; };
		ACAB6F902933AA9900904A13 /* supportedLanguage.swift in Sources */ = {isa = PBXBuildFile; fileRef = ACAB6F8F2933AA9900904A13 /* supportedLanguage.swift */; };
		ACC5CA5E292F496100EEC9FF /* sduiApp.swift in Sources */ = {isa = PBXBuildFile; fileRef = ACC5CA5D292F496100EEC9FF /* sduiApp.swift */; };
		ACC5CA60292F496100EEC9FF /* ContentView.swift in Sources */ = {isa = PBXBuildFile; fileRef = ACC5CA5F292F496100EEC9FF /* ContentView.swift */; };
		ACC5CA62292F496300EEC9FF /* Assets.xcassets in Resources */ = {isa = PBXBuildFile; fileRef = ACC5CA61292F496300EEC9FF /* Assets.xcassets */; };
		ACC5CA65292F496300EEC9FF /* Preview Assets.xcassets in Resources */ = {isa = PBXBuildFile; fileRef = ACC5CA64292F496300EEC9FF /* Preview Assets.xcassets */; };
		ACC5CA6D292F4C5D00EEC9FF /* sdapi.swift in Sources */ = {isa = PBXBuildFile; fileRef = ACC5CA6C292F4C5D00EEC9FF /* sdapi.swift */; };
		ACC5CA6F292F502100EEC9FF /* payloadStruct.swift in Sources */ = {isa = PBXBuildFile; fileRef = ACC5CA6E292F502100EEC9FF /* payloadStruct.swift */; };
		ACC5CA71292F549C00EEC9FF /* responseStruct.swift in Sources */ = {isa = PBXBuildFile; fileRef = ACC5CA70292F549C00EEC9FF /* responseStruct.swift */; };
		ACEFF2C92930D4C900EB8A68 /* ShareButton.swift in Sources */ = {isa = PBXBuildFile; fileRef = ACEFF2C82930D4C900EB8A68 /* ShareButton.swift */; };
/* End PBXBuildFile section */

/* Begin PBXFileReference section */
		59178A4ABC38FFF4C4575BA3 /* Pods-sdui.debug.xcconfig */ = {isa = PBXFileReference; includeInIndex = 1; lastKnownFileType = text.xcconfig; name = "Pods-sdui.debug.xcconfig"; path = "Target Support Files/Pods-sdui/Pods-sdui.debug.xcconfig"; sourceTree = "<group>"; };
		5AA9C66AC0C1B4339E6D18D2 /* Pods_sdui.framework */ = {isa = PBXFileReference; explicitFileType = wrapper.framework; includeInIndex = 0; path = Pods_sdui.framework; sourceTree = BUILT_PRODUCTS_DIR; };
		AC0F8446293099F400A9BAF1 /* configStruct.swift */ = {isa = PBXFileReference; lastKnownFileType = sourcecode.swift; path = configStruct.swift; sourceTree = "<group>"; };
		AC3ED8F32935A64E0075CC38 /* interrogateView.swift */ = {isa = PBXFileReference; fileEncoding = 4; lastKnownFileType = sourcecode.swift; path = interrogateView.swift; sourceTree = "<group>"; };
		AC3ED8F52935B2B30075CC38 /* Extension.swift */ = {isa = PBXFileReference; fileEncoding = 4; lastKnownFileType = sourcecode.swift; path = Extension.swift; sourceTree = "<group>"; };
		AC3ED8F72935B2E50075CC38 /* UIImage+Extensions.swift */ = {isa = PBXFileReference; fileEncoding = 4; lastKnownFileType = sourcecode.swift; path = "UIImage+Extensions.swift"; sourceTree = "<group>"; };
		AC3ED8F929364E680075CC38 /* sdui.entitlements */ = {isa = PBXFileReference; lastKnownFileType = text.plist.entitlements; path = sdui.entitlements; sourceTree = "<group>"; };
		AC7B7F2D292F87C600767A85 /* txt2imgView.swift */ = {isa = PBXFileReference; fileEncoding = 4; lastKnownFileType = sourcecode.swift; path = txt2imgView.swift; sourceTree = "<group>"; };
		AC7B7F31292F923000767A85 /* txtConfigView.swift */ = {isa = PBXFileReference; lastKnownFileType = sourcecode.swift; path = txtConfigView.swift; sourceTree = "<group>"; };
		AC7B7F33292F961200767A85 /* sliderView.swift */ = {isa = PBXFileReference; lastKnownFileType = sourcecode.swift; path = sliderView.swift; sourceTree = "<group>"; };
		AC7B7F35292FA22600767A85 /* SettingsView.swift */ = {isa = PBXFileReference; lastKnownFileType = sourcecode.swift; path = SettingsView.swift; sourceTree = "<group>"; };
		AC7B7F37292FA7C100767A85 /* textfieldView.swift */ = {isa = PBXFileReference; lastKnownFileType = sourcecode.swift; path = textfieldView.swift; sourceTree = "<group>"; };
		ACAB6F832932523E00904A13 /* img2imgView.swift */ = {isa = PBXFileReference; fileEncoding = 4; lastKnownFileType = sourcecode.swift; path = img2imgView.swift; sourceTree = "<group>"; };
		ACAB6F862932598E00904A13 /* FileManagerExtensions.swift */ = {isa = PBXFileReference; fileEncoding = 4; lastKnownFileType = sourcecode.swift; path = FileManagerExtensions.swift; sourceTree = "<group>"; };
		ACAB6F872932598E00904A13 /* PhotoPicker.swift */ = {isa = PBXFileReference; fileEncoding = 4; lastKnownFileType = sourcecode.swift; path = PhotoPicker.swift; sourceTree = "<group>"; };
		ACAB6F8A2932623100904A13 /* extension.swift */ = {isa = PBXFileReference; lastKnownFileType = sourcecode.swift; path = extension.swift; sourceTree = "<group>"; };
		ACAB6F8D2933A12500904A13 /* translateapi.swift */ = {isa = PBXFileReference; lastKnownFileType = sourcecode.swift; path = translateapi.swift; sourceTree = "<group>"; };
		ACAB6F8F2933AA9900904A13 /* supportedLanguage.swift */ = {isa = PBXFileReference; lastKnownFileType = sourcecode.swift; path = supportedLanguage.swift; sourceTree = "<group>"; };
		ACC5CA5A292F496100EEC9FF /* sdui.app */ = {isa = PBXFileReference; explicitFileType = wrapper.application; includeInIndex = 0; path = sdui.app; sourceTree = BUILT_PRODUCTS_DIR; };
		ACC5CA5D292F496100EEC9FF /* sduiApp.swift */ = {isa = PBXFileReference; lastKnownFileType = sourcecode.swift; path = sduiApp.swift; sourceTree = "<group>"; };
		ACC5CA5F292F496100EEC9FF /* ContentView.swift */ = {isa = PBXFileReference; lastKnownFileType = sourcecode.swift; path = ContentView.swift; sourceTree = "<group>"; };
		ACC5CA61292F496300EEC9FF /* Assets.xcassets */ = {isa = PBXFileReference; lastKnownFileType = folder.assetcatalog; path = Assets.xcassets; sourceTree = "<group>"; };
		ACC5CA64292F496300EEC9FF /* Preview Assets.xcassets */ = {isa = PBXFileReference; lastKnownFileType = folder.assetcatalog; path = "Preview Assets.xcassets"; sourceTree = "<group>"; };
		ACC5CA6C292F4C5D00EEC9FF /* sdapi.swift */ = {isa = PBXFileReference; lastKnownFileType = sourcecode.swift; path = sdapi.swift; sourceTree = "<group>"; };
		ACC5CA6E292F502100EEC9FF /* payloadStruct.swift */ = {isa = PBXFileReference; lastKnownFileType = sourcecode.swift; path = payloadStruct.swift; sourceTree = "<group>"; };
		ACC5CA70292F549C00EEC9FF /* responseStruct.swift */ = {isa = PBXFileReference; lastKnownFileType = sourcecode.swift; path = responseStruct.swift; sourceTree = "<group>"; };
		ACEFF2C82930D4C900EB8A68 /* ShareButton.swift */ = {isa = PBXFileReference; lastKnownFileType = sourcecode.swift; path = ShareButton.swift; sourceTree = "<group>"; };
		F16C226BE51FB71937E360B4 /* Pods-sdui.release.xcconfig */ = {isa = PBXFileReference; includeInIndex = 1; lastKnownFileType = text.xcconfig; name = "Pods-sdui.release.xcconfig"; path = "Target Support Files/Pods-sdui/Pods-sdui.release.xcconfig"; sourceTree = "<group>"; };
/* End PBXFileReference section */

/* Begin PBXFrameworksBuildPhase section */
		ACC5CA57292F496100EEC9FF /* Frameworks */ = {
			isa = PBXFrameworksBuildPhase;
			buildActionMask = 2147483647;
			files = (
				025A017CEA345B66D72A179B /* Pods_sdui.framework in Frameworks */,
			);
			runOnlyForDeploymentPostprocessing = 0;
		};
/* End PBXFrameworksBuildPhase section */

/* Begin PBXGroup section */
		80B4FB4446F6B8F890B55371 /* Pods */ = {
			isa = PBXGroup;
			children = (
				59178A4ABC38FFF4C4575BA3 /* Pods-sdui.debug.xcconfig */,
				F16C226BE51FB71937E360B4 /* Pods-sdui.release.xcconfig */,
			);
			path = Pods;
			sourceTree = "<group>";
		};
		A7E3A7CC4078185AACAAD380 /* Frameworks */ = {
			isa = PBXGroup;
			children = (
				5AA9C66AC0C1B4339E6D18D2 /* Pods_sdui.framework */,
			);
			name = Frameworks;
			sourceTree = "<group>";
		};
		AC7B7F30292F920700767A85 /* sdconfig */ = {
			isa = PBXGroup;
			children = (
				AC7B7F31292F923000767A85 /* txtConfigView.swift */,
				AC7B7F33292F961200767A85 /* sliderView.swift */,
				AC7B7F37292FA7C100767A85 /* textfieldView.swift */,
			);
			path = sdconfig;
			sourceTree = "<group>";
		};
		ACAB6F852932582600904A13 /* photoPicker */ = {
			isa = PBXGroup;
			children = (
				ACAB6F862932598E00904A13 /* FileManagerExtensions.swift */,
				ACAB6F872932598E00904A13 /* PhotoPicker.swift */,
			);
			path = photoPicker;
			sourceTree = "<group>";
		};
		ACAB6F8C2933A10900904A13 /* translator */ = {
			isa = PBXGroup;
			children = (
				ACAB6F8D2933A12500904A13 /* translateapi.swift */,
				ACAB6F8F2933AA9900904A13 /* supportedLanguage.swift */,
			);
			path = translator;
			sourceTree = "<group>";
		};
		ACC5CA51292F496100EEC9FF = {
			isa = PBXGroup;
			children = (
				ACAB6F8C2933A10900904A13 /* translator */,
				ACAB6F852932582600904A13 /* photoPicker */,
				AC7B7F30292F920700767A85 /* sdconfig */,
				ACC5CA6B292F4C5000EEC9FF /* sdapi */,
				ACC5CA5C292F496100EEC9FF /* sdui */,
				ACC5CA5B292F496100EEC9FF /* Products */,
				80B4FB4446F6B8F890B55371 /* Pods */,
				A7E3A7CC4078185AACAAD380 /* Frameworks */,
			);
			sourceTree = "<group>";
		};
		ACC5CA5B292F496100EEC9FF /* Products */ = {
			isa = PBXGroup;
			children = (
				ACC5CA5A292F496100EEC9FF /* sdui.app */,
			);
			name = Products;
			sourceTree = "<group>";
		};
		ACC5CA5C292F496100EEC9FF /* sdui */ = {
			isa = PBXGroup;
			children = (
				AC3ED8F929364E680075CC38 /* sdui.entitlements */,
				ACC5CA5D292F496100EEC9FF /* sduiApp.swift */,
				ACC5CA5F292F496100EEC9FF /* ContentView.swift */,
				AC7B7F2D292F87C600767A85 /* txt2imgView.swift */,
				ACAB6F832932523E00904A13 /* img2imgView.swift */,
				AC3ED8F32935A64E0075CC38 /* interrogateView.swift */,
				AC7B7F35292FA22600767A85 /* SettingsView.swift */,
				ACEFF2C82930D4C900EB8A68 /* ShareButton.swift */,
				ACC5CA61292F496300EEC9FF /* Assets.xcassets */,
				ACC5CA63292F496300EEC9FF /* Preview Content */,
				ACAB6F8A2932623100904A13 /* extension.swift */,
			);
			path = sdui;
			sourceTree = "<group>";
		};
		ACC5CA63292F496300EEC9FF /* Preview Content */ = {
			isa = PBXGroup;
			children = (
				ACC5CA64292F496300EEC9FF /* Preview Assets.xcassets */,
			);
			path = "Preview Content";
			sourceTree = "<group>";
		};
		ACC5CA6B292F4C5000EEC9FF /* sdapi */ = {
			isa = PBXGroup;
			children = (
				AC3ED8F72935B2E50075CC38 /* UIImage+Extensions.swift */,
				AC3ED8F52935B2B30075CC38 /* Extension.swift */,
				ACC5CA6C292F4C5D00EEC9FF /* sdapi.swift */,
				ACC5CA6E292F502100EEC9FF /* payloadStruct.swift */,
				ACC5CA70292F549C00EEC9FF /* responseStruct.swift */,
				AC0F8446293099F400A9BAF1 /* configStruct.swift */,
			);
			path = sdapi;
			sourceTree = "<group>";
		};
/* End PBXGroup section */

/* Begin PBXNativeTarget section */
		ACC5CA59292F496100EEC9FF /* sdui */ = {
			isa = PBXNativeTarget;
			buildConfigurationList = ACC5CA68292F496300EEC9FF /* Build configuration list for PBXNativeTarget "sdui" */;
			buildPhases = (
				C8ECD665C445B87457787BED /* [CP] Check Pods Manifest.lock */,
				ACC5CA56292F496100EEC9FF /* Sources */,
				ACC5CA57292F496100EEC9FF /* Frameworks */,
				ACC5CA58292F496100EEC9FF /* Resources */,
				BE7097EE46452E712731E91A /* [CP] Embed Pods Frameworks */,
				31B13DED32BA78B3AA450F05 /* [CP] Copy Pods Resources */,
			);
			buildRules = (
			);
			dependencies = (
			);
			name = sdui;
			productName = sdui;
			productReference = ACC5CA5A292F496100EEC9FF /* sdui.app */;
			productType = "com.apple.product-type.application";
		};
/* End PBXNativeTarget section */

/* Begin PBXProject section */
		ACC5CA52292F496100EEC9FF /* Project object */ = {
			isa = PBXProject;
			attributes = {
				BuildIndependentTargetsInParallel = 1;
				LastSwiftUpdateCheck = 1410;
				LastUpgradeCheck = 1410;
				TargetAttributes = {
					ACC5CA59292F496100EEC9FF = {
						CreatedOnToolsVersion = 14.1;
					};
				};
			};
			buildConfigurationList = ACC5CA55292F496100EEC9FF /* Build configuration list for PBXProject "sdui" */;
			compatibilityVersion = "Xcode 14.0";
			developmentRegion = en;
			hasScannedForEncodings = 0;
			knownRegions = (
				en,
				Base,
			);
			mainGroup = ACC5CA51292F496100EEC9FF;
			productRefGroup = ACC5CA5B292F496100EEC9FF /* Products */;
			projectDirPath = "";
			projectRoot = "";
			targets = (
				ACC5CA59292F496100EEC9FF /* sdui */,
			);
		};
/* End PBXProject section */

/* Begin PBXResourcesBuildPhase section */
		ACC5CA58292F496100EEC9FF /* Resources */ = {
			isa = PBXResourcesBuildPhase;
			buildActionMask = 2147483647;
			files = (
				ACC5CA65292F496300EEC9FF /* Preview Assets.xcassets in Resources */,
				ACC5CA62292F496300EEC9FF /* Assets.xcassets in Resources */,
			);
			runOnlyForDeploymentPostprocessing = 0;
		};
/* End PBXResourcesBuildPhase section */

/* Begin PBXShellScriptBuildPhase section */
		31B13DED32BA78B3AA450F05 /* [CP] Copy Pods Resources */ = {
			isa = PBXShellScriptBuildPhase;
			buildActionMask = 2147483647;
			files = (
			);
			inputFileListPaths = (
				"${PODS_ROOT}/Target Support Files/Pods-sdui/Pods-sdui-resources-${CONFIGURATION}-input-files.xcfilelist",
			);
			name = "[CP] Copy Pods Resources";
			outputFileListPaths = (
				"${PODS_ROOT}/Target Support Files/Pods-sdui/Pods-sdui-resources-${CONFIGURATION}-output-files.xcfilelist",
			);
			runOnlyForDeploymentPostprocessing = 0;
			shellPath = /bin/sh;
			shellScript = "\"${PODS_ROOT}/Target Support Files/Pods-sdui/Pods-sdui-resources.sh\"\n";
			showEnvVarsInLog = 0;
		};
		BE7097EE46452E712731E91A /* [CP] Embed Pods Frameworks */ = {
			isa = PBXShellScriptBuildPhase;
			buildActionMask = 2147483647;
			files = (
			);
			inputFileListPaths = (
				"${PODS_ROOT}/Target Support Files/Pods-sdui/Pods-sdui-frameworks-${CONFIGURATION}-input-files.xcfilelist",
			);
			name = "[CP] Embed Pods Frameworks";
			outputFileListPaths = (
				"${PODS_ROOT}/Target Support Files/Pods-sdui/Pods-sdui-frameworks-${CONFIGURATION}-output-files.xcfilelist",
			);
			runOnlyForDeploymentPostprocessing = 0;
			shellPath = /bin/sh;
			shellScript = "\"${PODS_ROOT}/Target Support Files/Pods-sdui/Pods-sdui-frameworks.sh\"\n";
			showEnvVarsInLog = 0;
		};
		C8ECD665C445B87457787BED /* [CP] Check Pods Manifest.lock */ = {
			isa = PBXShellScriptBuildPhase;
			buildActionMask = 2147483647;
			files = (
			);
			inputFileListPaths = (
			);
			inputPaths = (
				"${PODS_PODFILE_DIR_PATH}/Podfile.lock",
				"${PODS_ROOT}/Manifest.lock",
			);
			name = "[CP] Check Pods Manifest.lock";
			outputFileListPaths = (
			);
			outputPaths = (
				"$(DERIVED_FILE_DIR)/Pods-sdui-checkManifestLockResult.txt",
			);
			runOnlyForDeploymentPostprocessing = 0;
			shellPath = /bin/sh;
			shellScript = "diff \"${PODS_PODFILE_DIR_PATH}/Podfile.lock\" \"${PODS_ROOT}/Manifest.lock\" > /dev/null\nif [ $? != 0 ] ; then\n    # print error to STDERR\n    echo \"error: The sandbox is not in sync with the Podfile.lock. Run 'pod install' or update your CocoaPods installation.\" >&2\n    exit 1\nfi\n# This output is used by Xcode 'outputs' to avoid re-running this script phase.\necho \"SUCCESS\" > \"${SCRIPT_OUTPUT_FILE_0}\"\n";
			showEnvVarsInLog = 0;
		};
/* End PBXShellScriptBuildPhase section */

/* Begin PBXSourcesBuildPhase section */
		ACC5CA56292F496100EEC9FF /* Sources */ = {
			isa = PBXSourcesBuildPhase;
			buildActionMask = 2147483647;
			files = (
				ACC5CA6D292F4C5D00EEC9FF /* sdapi.swift in Sources */,
				ACAB6F882932598F00904A13 /* FileManagerExtensions.swift in Sources */,
				AC0F8447293099F400A9BAF1 /* configStruct.swift in Sources */,
				AC3ED8F82935B2E50075CC38 /* UIImage+Extensions.swift in Sources */,
				AC7B7F34292F961200767A85 /* sliderView.swift in Sources */,
				ACAB6F842932523E00904A13 /* img2imgView.swift in Sources */,
				ACEFF2C92930D4C900EB8A68 /* ShareButton.swift in Sources */,
				ACC5CA6F292F502100EEC9FF /* payloadStruct.swift in Sources */,
				ACAB6F8B2932623100904A13 /* extension.swift in Sources */,
				AC7B7F36292FA22600767A85 /* SettingsView.swift in Sources */,
				ACAB6F892932598F00904A13 /* PhotoPicker.swift in Sources */,
				ACAB6F902933AA9900904A13 /* supportedLanguage.swift in Sources */,
				AC7B7F32292F923000767A85 /* txtConfigView.swift in Sources */,
				AC7B7F2E292F87C600767A85 /* txt2imgView.swift in Sources */,
				ACC5CA71292F549C00EEC9FF /* responseStruct.swift in Sources */,
				ACC5CA60292F496100EEC9FF /* ContentView.swift in Sources */,
				AC3ED8F62935B2B30075CC38 /* Extension.swift in Sources */,
				AC7B7F38292FA7C100767A85 /* textfieldView.swift in Sources */,
				ACC5CA5E292F496100EEC9FF /* sduiApp.swift in Sources */,
				ACAB6F8E2933A12600904A13 /* translateapi.swift in Sources */,
				AC3ED8F42935A64E0075CC38 /* interrogateView.swift in Sources */,
			);
			runOnlyForDeploymentPostprocessing = 0;
		};
/* End PBXSourcesBuildPhase section */

/* Begin XCBuildConfiguration section */
		ACC5CA66292F496300EEC9FF /* Debug */ = {
			isa = XCBuildConfiguration;
			buildSettings = {
				ALWAYS_SEARCH_USER_PATHS = NO;
				CLANG_ANALYZER_NONNULL = YES;
				CLANG_ANALYZER_NUMBER_OBJECT_CONVERSION = YES_AGGRESSIVE;
				CLANG_CXX_LANGUAGE_STANDARD = "gnu++20";
				CLANG_ENABLE_MODULES = YES;
				CLANG_ENABLE_OBJC_ARC = YES;
				CLANG_ENABLE_OBJC_WEAK = YES;
				CLANG_WARN_BLOCK_CAPTURE_AUTORELEASING = YES;
				CLANG_WARN_BOOL_CONVERSION = YES;
				CLANG_WARN_COMMA = YES;
				CLANG_WARN_CONSTANT_CONVERSION = YES;
				CLANG_WARN_DEPRECATED_OBJC_IMPLEMENTATIONS = YES;
				CLANG_WARN_DIRECT_OBJC_ISA_USAGE = YES_ERROR;
				CLANG_WARN_DOCUMENTATION_COMMENTS = YES;
				CLANG_WARN_EMPTY_BODY = YES;
				CLANG_WARN_ENUM_CONVERSION = YES;
				CLANG_WARN_INFINITE_RECURSION = YES;
				CLANG_WARN_INT_CONVERSION = YES;
				CLANG_WARN_NON_LITERAL_NULL_CONVERSION = YES;
				CLANG_WARN_OBJC_IMPLICIT_RETAIN_SELF = YES;
				CLANG_WARN_OBJC_LITERAL_CONVERSION = YES;
				CLANG_WARN_OBJC_ROOT_CLASS = YES_ERROR;
				CLANG_WARN_QUOTED_INCLUDE_IN_FRAMEWORK_HEADER = YES;
				CLANG_WARN_RANGE_LOOP_ANALYSIS = YES;
				CLANG_WARN_STRICT_PROTOTYPES = YES;
				CLANG_WARN_SUSPICIOUS_MOVE = YES;
				CLANG_WARN_UNGUARDED_AVAILABILITY = YES_AGGRESSIVE;
				CLANG_WARN_UNREACHABLE_CODE = YES;
				CLANG_WARN__DUPLICATE_METHOD_MATCH = YES;
				COPY_PHASE_STRIP = NO;
				DEBUG_INFORMATION_FORMAT = dwarf;
				ENABLE_STRICT_OBJC_MSGSEND = YES;
				ENABLE_TESTABILITY = YES;
				GCC_C_LANGUAGE_STANDARD = gnu11;
				GCC_DYNAMIC_NO_PIC = NO;
				GCC_NO_COMMON_BLOCKS = YES;
				GCC_OPTIMIZATION_LEVEL = 0;
				GCC_PREPROCESSOR_DEFINITIONS = (
					"DEBUG=1",
					"$(inherited)",
				);
				GCC_WARN_64_TO_32_BIT_CONVERSION = YES;
				GCC_WARN_ABOUT_RETURN_TYPE = YES_ERROR;
				GCC_WARN_UNDECLARED_SELECTOR = YES;
				GCC_WARN_UNINITIALIZED_AUTOS = YES_AGGRESSIVE;
				GCC_WARN_UNUSED_FUNCTION = YES;
				GCC_WARN_UNUSED_VARIABLE = YES;
				IPHONEOS_DEPLOYMENT_TARGET = 15.0;
				MTL_ENABLE_DEBUG_INFO = INCLUDE_SOURCE;
				MTL_FAST_MATH = YES;
				ONLY_ACTIVE_ARCH = YES;
				SDKROOT = iphoneos;
				SWIFT_ACTIVE_COMPILATION_CONDITIONS = DEBUG;
				SWIFT_OPTIMIZATION_LEVEL = "-Onone";
			};
			name = Debug;
		};
		ACC5CA67292F496300EEC9FF /* Release */ = {
			isa = XCBuildConfiguration;
			buildSettings = {
				ALWAYS_SEARCH_USER_PATHS = NO;
				CLANG_ANALYZER_NONNULL = YES;
				CLANG_ANALYZER_NUMBER_OBJECT_CONVERSION = YES_AGGRESSIVE;
				CLANG_CXX_LANGUAGE_STANDARD = "gnu++20";
				CLANG_ENABLE_MODULES = YES;
				CLANG_ENABLE_OBJC_ARC = YES;
				CLANG_ENABLE_OBJC_WEAK = YES;
				CLANG_WARN_BLOCK_CAPTURE_AUTORELEASING = YES;
				CLANG_WARN_BOOL_CONVERSION = YES;
				CLANG_WARN_COMMA = YES;
				CLANG_WARN_CONSTANT_CONVERSION = YES;
				CLANG_WARN_DEPRECATED_OBJC_IMPLEMENTATIONS = YES;
				CLANG_WARN_DIRECT_OBJC_ISA_USAGE = YES_ERROR;
				CLANG_WARN_DOCUMENTATION_COMMENTS = YES;
				CLANG_WARN_EMPTY_BODY = YES;
				CLANG_WARN_ENUM_CONVERSION = YES;
				CLANG_WARN_INFINITE_RECURSION = YES;
				CLANG_WARN_INT_CONVERSION = YES;
				CLANG_WARN_NON_LITERAL_NULL_CONVERSION = YES;
				CLANG_WARN_OBJC_IMPLICIT_RETAIN_SELF = YES;
				CLANG_WARN_OBJC_LITERAL_CONVERSION = YES;
				CLANG_WARN_OBJC_ROOT_CLASS = YES_ERROR;
				CLANG_WARN_QUOTED_INCLUDE_IN_FRAMEWORK_HEADER = YES;
				CLANG_WARN_RANGE_LOOP_ANALYSIS = YES;
				CLANG_WARN_STRICT_PROTOTYPES = YES;
				CLANG_WARN_SUSPICIOUS_MOVE = YES;
				CLANG_WARN_UNGUARDED_AVAILABILITY = YES_AGGRESSIVE;
				CLANG_WARN_UNREACHABLE_CODE = YES;
				CLANG_WARN__DUPLICATE_METHOD_MATCH = YES;
				COPY_PHASE_STRIP = NO;
				DEBUG_INFORMATION_FORMAT = "dwarf-with-dsym";
				ENABLE_NS_ASSERTIONS = NO;
				ENABLE_STRICT_OBJC_MSGSEND = YES;
				GCC_C_LANGUAGE_STANDARD = gnu11;
				GCC_NO_COMMON_BLOCKS = YES;
				GCC_WARN_64_TO_32_BIT_CONVERSION = YES;
				GCC_WARN_ABOUT_RETURN_TYPE = YES_ERROR;
				GCC_WARN_UNDECLARED_SELECTOR = YES;
				GCC_WARN_UNINITIALIZED_AUTOS = YES_AGGRESSIVE;
				GCC_WARN_UNUSED_FUNCTION = YES;
				GCC_WARN_UNUSED_VARIABLE = YES;
				IPHONEOS_DEPLOYMENT_TARGET = 15.0;
				MTL_ENABLE_DEBUG_INFO = NO;
				MTL_FAST_MATH = YES;
				SDKROOT = iphoneos;
				SWIFT_COMPILATION_MODE = wholemodule;
				SWIFT_OPTIMIZATION_LEVEL = "-O";
				VALIDATE_PRODUCT = YES;
			};
			name = Release;
		};
		ACC5CA69292F496300EEC9FF /* Debug */ = {
			isa = XCBuildConfiguration;
			baseConfigurationReference = 59178A4ABC38FFF4C4575BA3 /* Pods-sdui.debug.xcconfig */;
			buildSettings = {
				ASSETCATALOG_COMPILER_APPICON_NAME = AppIcon;
				ASSETCATALOG_COMPILER_GLOBAL_ACCENT_COLOR_NAME = AccentColor;
				CODE_SIGN_ENTITLEMENTS = sdui/sdui.entitlements;
				CODE_SIGN_STYLE = Automatic;
				CURRENT_PROJECT_VERSION = 1;
				DEVELOPMENT_ASSET_PATHS = "\"sdui/Preview Content\"";
				DEVELOPMENT_TEAM = 43F6CD45CU;
				ENABLE_PREVIEWS = YES;
				GENERATE_INFOPLIST_FILE = YES;
				INFOPLIST_KEY_CFBundleDisplayName = HandyDiffu;
				INFOPLIST_KEY_NSPhotoLibraryAddUsageDescription = "";
				INFOPLIST_KEY_UIApplicationSceneManifest_Generation = YES;
				INFOPLIST_KEY_UIApplicationSupportsIndirectInputEvents = YES;
				INFOPLIST_KEY_UILaunchScreen_Generation = YES;
				INFOPLIST_KEY_UISupportedInterfaceOrientations_iPad = "UIInterfaceOrientationPortrait UIInterfaceOrientationPortraitUpsideDown UIInterfaceOrientationLandscapeLeft UIInterfaceOrientationLandscapeRight";
				INFOPLIST_KEY_UISupportedInterfaceOrientations_iPhone = "UIInterfaceOrientationPortrait UIInterfaceOrientationLandscapeLeft UIInterfaceOrientationLandscapeRight";
				LD_RUNPATH_SEARCH_PATHS = (
					"$(inherited)",
					"@executable_path/Frameworks",
				);
				MARKETING_VERSION = 1.0;
				PRODUCT_BUNDLE_IDENTIFIER = com.huangweiwen.sdui;
				PRODUCT_NAME = "$(TARGET_NAME)";
				SWIFT_EMIT_LOC_STRINGS = YES;
				SWIFT_VERSION = 5.0;
				TARGETED_DEVICE_FAMILY = "1,2";
			};
			name = Debug;
		};
		ACC5CA6A292F496300EEC9FF /* Release */ = {
			isa = XCBuildConfiguration;
			baseConfigurationReference = F16C226BE51FB71937E360B4 /* Pods-sdui.release.xcconfig */;
			buildSettings = {
				ASSETCATALOG_COMPILER_APPICON_NAME = AppIcon;
				ASSETCATALOG_COMPILER_GLOBAL_ACCENT_COLOR_NAME = AccentColor;
				CODE_SIGN_ENTITLEMENTS = sdui/sdui.entitlements;
				CODE_SIGN_STYLE = Automatic;
				CURRENT_PROJECT_VERSION = 1;
				DEVELOPMENT_ASSET_PATHS = "\"sdui/Preview Content\"";
				DEVELOPMENT_TEAM = 43F6CD45CU;
				ENABLE_PREVIEWS = YES;
				GENERATE_INFOPLIST_FILE = YES;
				INFOPLIST_KEY_CFBundleDisplayName = HandyDiffu;
				INFOPLIST_KEY_NSPhotoLibraryAddUsageDescription = "";
				INFOPLIST_KEY_UIApplicationSceneManifest_Generation = YES;
				INFOPLIST_KEY_UIApplicationSupportsIndirectInputEvents = YES;
				INFOPLIST_KEY_UILaunchScreen_Generation = YES;
				INFOPLIST_KEY_UISupportedInterfaceOrientations_iPad = "UIInterfaceOrientationPortrait UIInterfaceOrientationPortraitUpsideDown UIInterfaceOrientationLandscapeLeft UIInterfaceOrientationLandscapeRight";
				INFOPLIST_KEY_UISupportedInterfaceOrientations_iPhone = "UIInterfaceOrientationPortrait UIInterfaceOrientationLandscapeLeft UIInterfaceOrientationLandscapeRight";
				LD_RUNPATH_SEARCH_PATHS = (
					"$(inherited)",
					"@executable_path/Frameworks",
				);
				MARKETING_VERSION = 1.0;
				PRODUCT_BUNDLE_IDENTIFIER = com.huangweiwen.sdui;
				PRODUCT_NAME = "$(TARGET_NAME)";
				SWIFT_EMIT_LOC_STRINGS = YES;
				SWIFT_VERSION = 5.0;
				TARGETED_DEVICE_FAMILY = "1,2";
			};
			name = Release;
		};
/* End XCBuildConfiguration section */

/* Begin XCConfigurationList section */
		ACC5CA55292F496100EEC9FF /* Build configuration list for PBXProject "sdui" */ = {
			isa = XCConfigurationList;
			buildConfigurations = (
				ACC5CA66292F496300EEC9FF /* Debug */,
				ACC5CA67292F496300EEC9FF /* Release */,
			);
			defaultConfigurationIsVisible = 0;
			defaultConfigurationName = Release;
		};
		ACC5CA68292F496300EEC9FF /* Build configuration list for PBXNativeTarget "sdui" */ = {
			isa = XCConfigurationList;
			buildConfigurations = (
				ACC5CA69292F496300EEC9FF /* Debug */,
				ACC5CA6A292F496300EEC9FF /* Release */,
			);
			defaultConfigurationIsVisible = 0;
			defaultConfigurationName = Release;
		};
/* End XCConfigurationList section */
	};
	rootObject = ACC5CA52292F496100EEC9FF /* Project object */;
}
